# THIS IS AN AUTOGENERATED FILE. DO NOT EDIT THIS FILE DIRECTLY.
# yarn lockfile v1
"@opam-alpha/ANSITerminal@>= 0.6.5":
  version "0.7.0"
  resolved "https://registry.npmjs.org/@opam-alpha/ANSITerminal/-/ANSITerminal-0.7.0.tgz#764910e537a02618e2b81b453ee240a2f09a369f"
  dependencies:
    ANSITerminal-actual "git://github.com/npm-opam/ANSITerminal.git#0.7.0"
"@opam-alpha/base-threads@*":
  version "0.0.0"
  resolved "https://registry.npmjs.org/@opam-alpha/base-threads/-/base-threads-0.0.0.tgz#85e278fc0d93939aa2ce575c01a036679623cd75"
  dependencies:
    base-threads-actual "git://github.com/npm-opam/base-threads.git#0.0.0"
"@opam-alpha/base-unix@*":
  version "0.0.0"
  resolved "https://registry.npmjs.org/@opam-alpha/base-unix/-/base-unix-0.0.0.tgz#c01837b2744635f1776e682a0c0064728a34b5fa"
  dependencies:
    base-unix-actual "git://github.com/npm-opam/base-unix.git#0.0.0"
"@opam-alpha/BetterErrors@>= 0.0.1":
  version "0.0.1"
  resolved "https://registry.npmjs.org/@opam-alpha/BetterErrors/-/BetterErrors-0.0.1.tgz#a17a61943bc821cd42f204a8c4efced71d786a0f"
  dependencies:
    BetterErrors-actual "git://github.com/npm-opam/BetterErrors.git#0.0.1"
"@opam-alpha/biniou@>= 1.0.6":
  version "1.0.12"
  resolved "https://registry.npmjs.org/@opam-alpha/biniou/-/biniou-1.0.12.tgz#7fae6bc59a1b11796692637b8f37509cc3ec8d5b"
  dependencies:
    biniou-actual "git://github.com/npm-opam/biniou.git#1.0.12"
"@opam-alpha/camlp4@*":
  version "4.4.31"
  resolved "https://registry.npmjs.org/@opam-alpha/camlp4/-/camlp4-4.4.31.tgz#1f2a81ca8e92b7a6049b42e32b51729d520a116c"
  dependencies:
    camlp4-actual "git://github.com/npm-opam/camlp4.git#4.4.031"
"@opam-alpha/camomile@>= 0.8.0":
  version "0.8.5"
  resolved "https://registry.npmjs.org/@opam-alpha/camomile/-/camomile-0.8.5.tgz#1375d952f61c82664d94f836132fe3d5e0638927"
  dependencies:
    camomile-actual "git://github.com/npm-opam/camomile.git#0.8.5"
"@opam-alpha/conf-m4@*":
  version "4.1.0"
  resolved "https://registry.npmjs.org/@opam-alpha/conf-m4/-/conf-m4-4.1.0.tgz#91500bb3c9c9ca790731671035a5beb0664e0ce8"
  dependencies:
    conf-m4-actual "git://github.com/npm-opam/conf-m4.git#4.1.0"
"@opam-alpha/conf-ncurses@*":
  version "1.0.0"
  resolved "https://registry.npmjs.org/@opam-alpha/conf-ncurses/-/conf-ncurses-1.0.0.tgz#44fb9e5f970b34474570dc747c29a24e89989c48"
  dependencies:
    conf-ncurses-actual "git://github.com/npm-opam/conf-ncurses.git#1.0.0"
"@opam-alpha/conf-which@*":
  version "1.0.0"
  resolved "https://registry.npmjs.org/@opam-alpha/conf-which/-/conf-which-1.0.0.tgz#45b4dc34e3c256b8027fc47d672eca0d1c25f541"
  dependencies:
    conf-which-actual "git://github.com/npm-opam/conf-which.git#1.0.0"
"@opam-alpha/cppo@*", "@opam-alpha/cppo@>= 1.1.2":
  version "1.4.0"
  resolved "https://registry.npmjs.org/@opam-alpha/cppo/-/cppo-1.4.0.tgz#e9572a069d93fd9140122036dc7371d6581093f6"
  dependencies:
    cppo-actual "git://github.com/npm-opam/cppo.git#1.4.0"
"@opam-alpha/easy-format@*", "@opam-alpha/easy-format@^ 1.2.0":
  version "1.2.0"
  resolved "https://registry.npmjs.org/@opam-alpha/easy-format/-/easy-format-1.2.0.tgz#08d53c49a8227ae7d0dec0aa0f236d8fc913cd6b"
  dependencies:
    easy-format-actual "git://github.com/npm-opam/easy-format.git#1.2.0"
"@opam-alpha/lambda-term@>= 1.9.0":
  version "1.10.1"
  resolved "https://registry.npmjs.org/@opam-alpha/lambda-term/-/lambda-term-1.10.1.tgz#de45cb612b951bfc4dfed48f8b29ef6b11304ae3"
  dependencies:
    lambda-term-actual "git://github.com/npm-opam/lambda-term.git#1.10.1"
"@opam-alpha/lwt@*", "@opam-alpha/lwt@>= 2.4.0":
  version "2.5.2"
  resolved "https://registry.npmjs.org/@opam-alpha/lwt/-/lwt-2.5.2.tgz#0c83d5b2bce9fd087fbfcbf59762086fe415582b"
  dependencies:
    lwt-actual "git://github.com/npm-opam/lwt.git#2.5.2"
"@opam-alpha/menhir@>= 20160303.0.0":
  version "20160825.0.0"
  resolved "https://registry.npmjs.org/@opam-alpha/menhir/-/menhir-20160825.0.0.tgz#45f638756944bdcf97b95416ccb226b0739d0206"
  dependencies:
    menhir-actual "git://github.com/npm-opam/menhir.git#20160825.0.0"
"@opam-alpha/merlin-extend@^ 0.3.0":
  version "0.3.0"
  resolved "https://registry.npmjs.org/@opam-alpha/merlin-extend/-/merlin-extend-0.3.0.tgz#aceb5adda46a6190a6388bc95744947956524aed"
  dependencies:
    merlin-extend-actual "git://github.com/npm-opam/merlin-extend.git#0.3.0"
"@opam-alpha/merlin@^ 2.5.0":
  version "2.5.0"
  resolved "https://registry.npmjs.org/@opam-alpha/merlin/-/merlin-2.5.0.tgz#1aa359d6f451bdf23bbf924a31a501869644b621"
  dependencies:
    merlin-actual "git://github.com/npm-opam/merlin.git#2.5.0"
"@opam-alpha/ocaml@= 4.02.3", "@opam-alpha/ocaml@>= 3.12.0", "@opam-alpha/ocaml@>= 4.00.0", "@opam-alpha/ocaml@>= 4.01.0", "@opam-alpha/ocaml@>= 4.02.0", "@opam-alpha/ocaml@>= 4.02.0 < 4.03.0", "@opam-alpha/ocaml@>= 4.02.1", "@opam-alpha/ocaml@>= 4.02.3", "@opam-alpha/ocaml@>= 4.2.3", "@opam-alpha/ocaml@4.2.3":
  version "4.2.3"
  resolved "https://registry.npmjs.org/@opam-alpha/ocaml/-/ocaml-4.2.3.tgz#44c6e23fbb716196d4a6121f7751e09c0ad34018"
  dependencies:
    ocaml "git+https://github.com/npm-opam/ocaml.git#npm-4.02.3"
"@opam-alpha/ocamlbuild@*":
  version "0.9.2"
  resolved "https://registry.npmjs.org/@opam-alpha/ocamlbuild/-/ocamlbuild-0.9.2.tgz#b5d67c1e7bd3be9091333694f045d7725b77851f"
"@opam-alpha/ocamlfind@*", "@opam-alpha/ocamlfind@>= 1.5.0", "@opam-alpha/ocamlfind@>= 1.5.2", "@opam-alpha/ocamlfind@>= 1.5.6":
  version "1.6.2"
  resolved "https://registry.npmjs.org/@opam-alpha/ocamlfind/-/ocamlfind-1.6.2.tgz#4fb4c7f3b0b039b786aeaf7efc460c420e90055d"
  dependencies:
    ocamlfind-actual "git+https://github.com/npm-opam/ocamlfind.git#1.6.2"
"@opam-alpha/ounit@*":
  version "2.0.0"
  resolved "https://registry.npmjs.org/@opam-alpha/ounit/-/ounit-2.0.0.tgz#bc3ed0ea2581192301558c3abe64ebdeb6fa2f36"
  dependencies:
    ounit-actual "git://github.com/npm-opam/ounit.git#2.0.0"
"@opam-alpha/ppx_tools@*":
  version "5.0.4030"
  resolved "https://registry.npmjs.org/@opam-alpha/ppx_tools/-/ppx_tools-5.0.4030.tgz#b67bc80317f6efc99274db0768248ec605c6e548"
  dependencies:
    ppx_tools-actual "git://github.com/npm-opam/ppx_tools.git#5.0.04030"
"@opam-alpha/re@^ 1.5.0", "@opam-alpha/re@>= 1.5.0":
  version "1.6.1"
  resolved "https://registry.npmjs.org/@opam-alpha/re/-/re-1.6.1.tgz#e196b2566b10afb76011c71c44d7b0fbf5a70e6f"
  dependencies:
    re-actual "git://github.com/npm-opam/re.git#1.6.1"
"@opam-alpha/react@*", "@opam-alpha/react@>= 1.0.0":
  version "1.2.0"
  resolved "https://registry.npmjs.org/@opam-alpha/react/-/react-1.2.0.tgz#ff94aef21609ce9cc24d45b2a2e0fae97f5234a1"
  dependencies:
    react-actual "git://github.com/npm-opam/react.git#1.2.0"
"@opam-alpha/utop@*":
  version "1.19.3"
  resolved "https://registry.npmjs.org/@opam-alpha/utop/-/utop-1.19.3.tgz#757965a3e90b798c686ac71391c5bdfe136df707"
  dependencies:
    utop-actual "git://github.com/npm-opam/utop.git#1.19.3"
"@opam-alpha/yojson@*":
  version "1.3.2"
  resolved "https://registry.npmjs.org/@opam-alpha/yojson/-/yojson-1.3.2.tgz#5d2127c2f083ff49a2dc4c4cca29a155fa3ba785"
  dependencies:
    yojson-actual "git://github.com/npm-opam/yojson.git#1.3.2"
"@opam-alpha/zed@>= 1.2.0":
  version "1.4.0"
  resolved "https://registry.npmjs.org/@opam-alpha/zed/-/zed-1.4.0.tgz#c764d4167c7c2dec5f8d6d0a6bba60af5c39911d"
  dependencies:
    zed-actual "git://github.com/npm-opam/zed.git#1.4.0"
"ANSITerminal-actual@git://github.com/npm-opam/ANSITerminal.git#0.7.0":
  version "0.7.0"
  resolved "git://github.com/npm-opam/ANSITerminal.git#be5c05bcb988a0cabff7e751b44d4a2646a8e1f4"
  dependencies:
    "@opam-alpha/ocamlbuild" "*"
    "@opam-alpha/ocamlfind" ">= 1.5.0"
    dependency-env "https://github.com/npm-ml/dependency-env.git"
    nopam "https://github.com/yunxing/nopam.git"
    opam-installer-bin "https://github.com/yunxing/opam-installer-bin.git"
    substs "https://github.com/yunxing/substs.git"
"base-threads-actual@git://github.com/npm-opam/base-threads.git#0.0.0":
  version "0.0.0"
  resolved "git://github.com/npm-opam/base-threads.git#d4e7793926d784ae11a62494b2a6561a710777d7"
  dependencies:
    dependency-env "https://github.com/npm-ml/dependency-env.git"
    nopam "https://github.com/yunxing/nopam.git"
    opam-installer-bin "https://github.com/yunxing/opam-installer-bin.git"
    substs "https://github.com/yunxing/substs.git"
"base-unix-actual@git://github.com/npm-opam/base-unix.git#0.0.0":
  version "0.0.0"
  resolved "git://github.com/npm-opam/base-unix.git#9249ebc12529b38890f269fab203a1894ed3d788"
  dependencies:
    dependency-env "https://github.com/npm-ml/dependency-env.git"
    nopam "https://github.com/yunxing/nopam.git"
    opam-installer-bin "https://github.com/yunxing/opam-installer-bin.git"
    substs "https://github.com/yunxing/substs.git"
"BetterErrors-actual@git://github.com/npm-opam/BetterErrors.git#0.0.1":
  version "0.0.1"
  resolved "git://github.com/npm-opam/BetterErrors.git#5dce5110c71fcc1a12b4dcd6268347436831d198"
  dependencies:
    "@opam-alpha/ANSITerminal" ">= 0.6.5"
    "@opam-alpha/ocamlfind" "*"
    "@opam-alpha/re" ">= 1.5.0"
    dependency-env "https://github.com/npm-ml/dependency-env.git"
    nopam "https://github.com/yunxing/nopam.git"
    opam-installer-bin "https://github.com/yunxing/opam-installer-bin.git"
    substs "https://github.com/yunxing/substs.git"
"biniou-actual@git://github.com/npm-opam/biniou.git#1.0.12":
  version "1.0.12"
  resolved "git://github.com/npm-opam/biniou.git#7dd5e33eaf45d636b6fe97d24b01b26de8c49ac9"
  dependencies:
    "@opam-alpha/conf-which" "*"
    "@opam-alpha/easy-format" "*"
    "@opam-alpha/ocamlfind" "*"
    dependency-env "https://github.com/npm-ml/dependency-env.git"
    nopam "https://github.com/yunxing/nopam.git"
    opam-installer-bin "https://github.com/yunxing/opam-installer-bin.git"
    substs "https://github.com/yunxing/substs.git"
"camlp4-actual@git://github.com/npm-opam/camlp4.git#4.4.031":
  version "4.4.27"
  resolved "git://github.com/npm-opam/camlp4.git#2107c41c5957765525497b40f09a5b0031363214"
  dependencies:
    "@opam-alpha/conf-which" "*"
    "@opam-alpha/ocamlbuild" "*"
    dependency-env "https://github.com/npm-ml/dependency-env.git"
    nopam "https://github.com/yunxing/nopam.git"
    opam-installer-bin "https://github.com/yunxing/opam-installer-bin.git"
    substs "https://github.com/yunxing/substs.git"
"camomile-actual@git://github.com/npm-opam/camomile.git#0.8.5":
  version "0.8.5"
  resolved "git://github.com/npm-opam/camomile.git#68fcd7e287001c5f9dd38214ca8d7766ff7bdb71"
  dependencies:
    "@opam-alpha/ocamlfind" "*"
    cppo "https://github.com/npm-opam/cppo"
    dependency-env "https://github.com/npm-ml/dependency-env.git"
    nopam "https://github.com/yunxing/nopam.git"
    opam-installer-bin "https://github.com/yunxing/opam-installer-bin.git"
    substs "https://github.com/yunxing/substs.git"
"conf-m4-actual@git://github.com/npm-opam/conf-m4.git#4.1.0":
  version "4.1.0"
  resolved "git://github.com/npm-opam/conf-m4.git#e5eedfc61c8d2e529cf598584ba829f2fc722d87"
  dependencies:
    dependency-env "https://github.com/npm-ml/dependency-env.git"
    nopam "https://github.com/yunxing/nopam.git"
    opam-installer-bin "https://github.com/yunxing/opam-installer-bin.git"
    substs "https://github.com/yunxing/substs.git"
"conf-m4@https://github.com/npm-opam/conf-m4":
  version "0.0.0"
  resolved "https://github.com/npm-opam/conf-m4#12c0c1b7b6e2013fafeb7693517bcfdb281ddbe5"
  dependencies:
    dependency-env "https://github.com/npm-ml/dependency-env.git"
    nopam "https://github.com/yunxing/nopam.git"
    ocaml "https://github.com/npm-opam/ocaml.git#npm-4.02.3"
    opam-installer-bin "https://github.com/yunxing/opam-installer-bin.git"
    substs "https://github.com/yunxing/substs.git"
"conf-ncurses-actual@git://github.com/npm-opam/conf-ncurses.git#1.0.0":
  version "1.0.0"
  resolved "git://github.com/npm-opam/conf-ncurses.git#4c2120548e70e26a9c1e8160b8951d3cc27aa102"
  dependencies:
    dependency-env "https://github.com/npm-ml/dependency-env.git"
    nopam "https://github.com/yunxing/nopam.git"
    opam-installer-bin "https://github.com/yunxing/opam-installer-bin.git"
    substs "https://github.com/yunxing/substs.git"
"conf-which-actual@git://github.com/npm-opam/conf-which.git#1.0.0":
  version "1.0.0"
  resolved "git://github.com/npm-opam/conf-which.git#fdb919d8ed608aa090d0b95bbde5f3717192c068"
  dependencies:
    dependency-env "https://github.com/npm-ml/dependency-env.git"
    nopam "https://github.com/yunxing/nopam.git"
    opam-installer-bin "https://github.com/yunxing/opam-installer-bin.git"
    substs "https://github.com/yunxing/substs.git"
"cppo-actual@git://github.com/npm-opam/cppo.git#1.4.0":
  version "1.4.0"
  resolved "git://github.com/npm-opam/cppo.git#bae7485b77d4716ae4a9c3707fb74d471aa0eaa7"
  dependencies:
    "@opam-alpha/ocamlbuild" "*"
    "@opam-alpha/ocamlfind" "*"
    dependency-env "https://github.com/npm-ml/dependency-env.git"
    nopam "https://github.com/yunxing/nopam.git"
    opam-installer-bin "https://github.com/yunxing/opam-installer-bin.git"
    substs "https://github.com/yunxing/substs.git"
"cppo@https://github.com/npm-opam/cppo":
  version "1.3.2"
  resolved "https://github.com/npm-opam/cppo#dc4cc7f64bf3dfba3ae856f48b9a76290ec50bd8"
  dependencies:
    dependency-env "https://github.com/npm-ml/dependency-env.git"
    nopam "https://github.com/yunxing/nopam.git"
    ocaml "https://github.com/npm-opam/ocaml.git#npm-4.02.3"
    ocamlbuild "https://github.com/npm-opam/ocamlbuild"
    ocamlfind "https://github.com/npm-opam/ocamlfind"
    opam-installer-bin "https://github.com/yunxing/opam-installer-bin.git"
    substs "https://github.com/yunxing/substs.git"
"dependency-env@https://github.com/npm-ml/dependency-env.git", "dependency-env@https://github.com/reasonml/dependency-env.git":
  version "0.0.0"
  resolved "https://github.com/reasonml/dependency-env.git#ec2fc004bbe5bb773d96b0b604519733f2f9bf01"
  dependencies:
    resolve "^1.1.7"
"easy-format-actual@git://github.com/npm-opam/easy-format.git#1.2.0":
  version "1.2.0"
  resolved "git://github.com/npm-opam/easy-format.git#955d4b4cd1748832aa7fb756c4ba1092759355de"
  dependencies:
    "@opam-alpha/ocamlfind" "*"
    dependency-env "https://github.com/npm-ml/dependency-env.git"
    nopam "https://github.com/yunxing/nopam.git"
    opam-installer-bin "https://github.com/yunxing/opam-installer-bin.git"
    substs "https://github.com/yunxing/substs.git"
"lambda-term-actual@git://github.com/npm-opam/lambda-term.git#1.10.1":
  version "1.10.1"
  resolved "git://github.com/npm-opam/lambda-term.git#30ca43e10f239ec50df6184f8c929c30c99c146f"
  dependencies:
    "@opam-alpha/lwt" ">= 2.4.0"
    "@opam-alpha/ocamlbuild" "*"
    "@opam-alpha/ocamlfind" "*"
    "@opam-alpha/react" ">= 1.0.0"
    "@opam-alpha/zed" ">= 1.2.0"
    dependency-env "https://github.com/npm-ml/dependency-env.git"
    nopam "https://github.com/yunxing/nopam.git"
    opam-installer-bin "https://github.com/yunxing/opam-installer-bin.git"
    substs "https://github.com/yunxing/substs.git"
"lwt-actual@git://github.com/npm-opam/lwt.git#2.5.2":
  version "2.5.2"
  resolved "git://github.com/npm-opam/lwt.git#6c677df6c9d6f34d6fc2d28680bbab7e95da23e4"
  dependencies:
    "@opam-alpha/base-threads" "*"
    "@opam-alpha/base-unix" "*"
    "@opam-alpha/camlp4" "*"
    "@opam-alpha/conf-ncurses" "*"
    "@opam-alpha/ocamlbuild" "*"
    "@opam-alpha/ocamlfind" ">= 1.5.0"
    "@opam-alpha/ppx_tools" "*"
    "@opam-alpha/react" "*"
    dependency-env "https://github.com/npm-ml/dependency-env.git"
    nopam "https://github.com/yunxing/nopam.git"
    opam-installer-bin "https://github.com/yunxing/opam-installer-bin.git"
    substs "https://github.com/yunxing/substs.git"
"menhir-actual@git://github.com/npm-opam/menhir.git#20160825.0.0":
  version "20160825.0.0"
  resolved "git://github.com/npm-opam/menhir.git#429b785f5ebef9c0687c37d1d8b0caff7dc6e855"
  dependencies:
    "@opam-alpha/ocamlbuild" "*"
    "@opam-alpha/ocamlfind" "*"
    dependency-env "https://github.com/npm-ml/dependency-env.git"
    nopam "https://github.com/yunxing/nopam.git"
    opam-installer-bin "https://github.com/yunxing/opam-installer-bin.git"
    substs "https://github.com/yunxing/substs.git"
"merlin-actual@git://github.com/npm-opam/merlin.git#2.5.0":
  version "2.5.0"
  resolved "git://github.com/npm-opam/merlin.git#307f4a072029c0d26708c970b4cfb4f5891082d9"
  dependencies:
    "@opam-alpha/ocamlfind" ">= 1.5.2"
    "@opam-alpha/yojson" "*"
    dependency-env "https://github.com/npm-ml/dependency-env.git"
    nopam "https://github.com/yunxing/nopam.git"
    opam-installer-bin "https://github.com/yunxing/opam-installer-bin.git"
    substs "https://github.com/yunxing/substs.git"
"merlin-extend-actual@git://github.com/npm-opam/merlin-extend.git#0.3.0":
  version "0.3.0"
  resolved "git://github.com/npm-opam/merlin-extend.git#cf1fbdb73ca830bf1a1263b018ae6212bda27671"
  dependencies:
    "@opam-alpha/cppo" "*"
    "@opam-alpha/ocamlfind" "*"
    dependency-env "https://github.com/npm-ml/dependency-env.git"
    nopam "https://github.com/yunxing/nopam.git"
    opam-installer-bin "https://github.com/yunxing/opam-installer-bin.git"
    substs "https://github.com/yunxing/substs.git"
"nopam@https://github.com/reasonml/nopam.git", "nopam@https://github.com/yunxing/nopam.git":
  version "0.0.1"
  resolved "https://github.com/reasonml/nopam.git#77e46d877cb339434174b824cbc164a8be49a487"
"ocaml@git+https://github.com/npm-opam/ocaml.git#npm-4.02.3", "ocaml@https://github.com/npm-opam/ocaml.git#npm-4.02.3":
  version "4.2.3"
  resolved "git+https://github.com/npm-opam/ocaml.git#28b6d43994c95694a9fa5546f99d67dff76615ad"
"ocamlbuild@https://github.com/npm-opam/ocamlbuild":
  version "0.9.2"
  resolved "https://github.com/npm-opam/ocamlbuild#eea00747b979cf6fcefaa6cebdf7ce180545c5fd"
"ocamlfind-actual@git+https://github.com/npm-opam/ocamlfind.git#1.6.2":
  version "1.6.2"
  resolved "git+https://github.com/npm-opam/ocamlfind.git#3ee0b3d45e690bde9bfa923dfedd5c6643a6852a"
  dependencies:
    "@opam-alpha/conf-m4" "*"
    "@opam-alpha/ocaml" "4.2.3"
    dependency-env "https://github.com/npm-ml/dependency-env.git"
    nopam "https://github.com/yunxing/nopam.git"
"ocamlfind@https://github.com/npm-opam/ocamlfind":
  version "1.6.2"
  resolved "https://github.com/npm-opam/ocamlfind#2949147f2f3403afc28b3858dd555accdb9723c8"
  dependencies:
    conf-m4 "https://github.com/npm-opam/conf-m4"
    dependency-env "https://github.com/npm-ml/dependency-env.git"
    nopam "https://github.com/yunxing/nopam.git"
    ocaml "https://github.com/npm-opam/ocaml.git#npm-4.02.3"
"opam-installer-bin@https://github.com/yunxing/opam-installer-bin.git":
  version "0.0.0"
  resolved "https://github.com/yunxing/opam-installer-bin.git#689ede681217f76fb2f82a9f4528e192a5b543ba"
  dependencies:
    dependency-env "https://github.com/npm-ml/dependency-env.git"
    nopam "https://github.com/yunxing/nopam.git"
"ounit-actual@git://github.com/npm-opam/ounit.git#2.0.0":
  version "2.0.0"
  resolved "git://github.com/npm-opam/ounit.git#7efd6873bf35f08e6a9bb433fe898ee5e475becd"
  dependencies:
    "@opam-alpha/ocamlbuild" "*"
    "@opam-alpha/ocamlfind" "*"
    dependency-env "https://github.com/npm-ml/dependency-env.git"
    nopam "https://github.com/yunxing/nopam.git"
    opam-installer-bin "https://github.com/yunxing/opam-installer-bin.git"
    substs "https://github.com/yunxing/substs.git"
"ppx_tools-actual@git://github.com/npm-opam/ppx_tools.git#5.0.04030":
  version "5.0.4020"
  resolved "git://github.com/npm-opam/ppx_tools.git#fd83e5ffe406cbdb0b0c57f185b3f9fda41b248f"
  dependencies:
    "@opam-alpha/ocamlfind" ">= 1.5.0"
    dependency-env "https://github.com/npm-ml/dependency-env.git"
    nopam "https://github.com/yunxing/nopam.git"
    opam-installer-bin "https://github.com/yunxing/opam-installer-bin.git"
    substs "https://github.com/yunxing/substs.git"
"re-actual@git://github.com/npm-opam/re.git#1.6.1":
  version "1.6.1"
  resolved "git://github.com/npm-opam/re.git#0cf78ce4db5572fbe5d870d1ddbbe6428e55c50f"
  dependencies:
    "@opam-alpha/ocamlbuild" "*"
    "@opam-alpha/ocamlfind" "*"
    "@opam-alpha/ounit" "*"
    dependency-env "https://github.com/npm-ml/dependency-env.git"
    nopam "https://github.com/yunxing/nopam.git"
    opam-installer-bin "https://github.com/yunxing/opam-installer-bin.git"
    substs "https://github.com/yunxing/substs.git"
"react-actual@git://github.com/npm-opam/react.git#1.2.0":
  version "1.2.0"
  resolved "git://github.com/npm-opam/react.git#4870dc6320c332cd2e0b47ec6241ce1ad6099bca"
  dependencies:
    "@opam-alpha/ocamlbuild" "*"
    "@opam-alpha/ocamlfind" "*"
    dependency-env "https://github.com/npm-ml/dependency-env.git"
    nopam "https://github.com/yunxing/nopam.git"
    opam-installer-bin "https://github.com/yunxing/opam-installer-bin.git"
    substs "https://github.com/yunxing/substs.git"
resolve@^1.1.7:
  version "1.1.7"
  resolved "https://registry.npmjs.org/resolve/-/resolve-1.1.7.tgz#203114d82ad2c5ed9e8e0411b3932875e889e97b"
"substs@https://github.com/yunxing/substs.git":
  version "0.0.1"
  resolved "https://github.com/yunxing/substs.git#fd480dcdb4aed3fa9128fd819a546e3a7770040f"
"utop-actual@git://github.com/npm-opam/utop.git#1.19.3":
  version "1.19.3"
  resolved "git://github.com/npm-opam/utop.git#94ed4a1fe2b16821cf8b933e5a13c854a1894f39"
  dependencies:
    "@opam-alpha/cppo" ">= 1.1.2"
    "@opam-alpha/lambda-term" ">= 1.9.0"
    "@opam-alpha/lwt" "*"
    "@opam-alpha/ocamlbuild" "*"
    "@opam-alpha/ocamlfind" ">= 1.5.6"
    "@opam-alpha/react" ">= 1.0.0"
    dependency-env "https://github.com/npm-ml/dependency-env.git"
    nopam "https://github.com/yunxing/nopam.git"
    opam-installer-bin "https://github.com/yunxing/opam-installer-bin.git"
    substs "https://github.com/yunxing/substs.git"
"yojson-actual@git://github.com/npm-opam/yojson.git#1.3.2":
  version "1.3.2"
  resolved "git://github.com/npm-opam/yojson.git#dd81adbf47ff9d54f7614716c26bc97dffb7bcb1"
  dependencies:
    "@opam-alpha/biniou" ">= 1.0.6"
    "@opam-alpha/cppo" "*"
    "@opam-alpha/easy-format" "*"
    "@opam-alpha/ocamlfind" "*"
    dependency-env "https://github.com/npm-ml/dependency-env.git"
    nopam "https://github.com/yunxing/nopam.git"
    opam-installer-bin "https://github.com/yunxing/opam-installer-bin.git"
    substs "https://github.com/yunxing/substs.git"
"zed-actual@git://github.com/npm-opam/zed.git#1.4.0":
  version "1.4.0"
  resolved "git://github.com/npm-opam/zed.git#37b985c88cfe2c41287efb844ef360f2c043a1aa"
  dependencies:
    "@opam-alpha/camomile" ">= 0.8.0"
    "@opam-alpha/ocamlbuild" "*"
    "@opam-alpha/ocamlfind" "*"
    "@opam-alpha/react" "*"
    dependency-env "https://github.com/npm-ml/dependency-env.git"
    nopam "https://github.com/yunxing/nopam.git"
    opam-installer-bin "https://github.com/yunxing/opam-installer-bin.git"
    substs "https://github.com/yunxing/substs.git"
